Microsoft Visual Studio Solution File, Format Version 12.00
# Visual Studio Version 17
VisualStudioVersion = 17.5.2.0
MinimumVisualStudioVersion = 10.0.40219.1
Project("{FAE04EC0-301F-11D3-BF4B-00C04F79EFBC}") = "BlazingTrails.Client", "BlazingTrails.Client\BlazingTrails.Client.csproj", "{A8E31154-D479-84B1-E22E-1F6CEE66182E}"
EndProject
Global
	GlobalSection(SolutionConfigurationPlatforms) = preSolution
		Debug|Any CPU = Debug|Any CPU
		Release|Any CPU = Release|Any CPU
	EndGlobalSection
	GlobalSection(ProjectConfigurationPlatforms) = postSolution
		{A8E31154-D479-84B1-E22E-1F6CEE66182E}.Debug|Any CPU.ActiveCfg = Debug|Any CPU
		{A8E31154-D479-84B1-E22E-1F6CEE66182E}.Debug|Any CPU.Build.0 = Debug|Any CPU
		{A8E31154-D479-84B1-E22E-1F6CEE66182E}.Release|Any CPU.ActiveCfg = Release|Any CPU
		{A8E31154-D479-84B1-E22E-1F6CEE66182E}.Release|Any CPU.Build.0 = Release|Any CPU
	EndGlobalSection
	GlobalSection(SolutionProperties) = preSolution
		HideSolutionNode = FALSE
	EndGlobalSection
	GlobalSection(ExtensibilityGlobals) = postSolution
		SolutionGuid = {01974535-DB47-4E3D-AD5A-454760A79194}
	EndGlobalSection
EndGlobal
